
Microsoft Visual Studio Solution File, Format Version 12.00
# Visual Studio Version 16
VisualStudioVersion = 16.0.33027.164
MinimumVisualStudioVersion = 10.0.40219.1
Project("{9A19103F-16F7-4668-BE54-9A1E7A4F7556}") = "ClassLibrary", "StudentClassLibrary\ClassLibrary.csproj", "{D964652E-BE09-406B-AD07-38BDBCDB822F}"
EndProject
Project("{9A19103F-16F7-4668-BE54-9A1E7A4F7556}") = "StudentMain", "StudentMain\StudentMain.csproj", "{0ACD0832-7C86-4E0F-9252-A8FDBC3BC3C1}"
EndProject
Project("{FAE04EC0-301F-11D3-BF4B-00C04F79EFBC}") = "EmployeeMain", "EmployeeMain\EmployeeMain.csproj", "{49EA5039-79CF-4685-8556-871D89B78001}"
EndProject
Global
	GlobalSection(SolutionConfigurationPlatforms) = preSolution
		Debug|Any CPU = Debug|Any CPU
		Release|Any CPU = Release|Any CPU
	EndGlobalSection
	GlobalSection(ProjectConfigurationPlatforms) = postSolution
		{D964652E-BE09-406B-AD07-38BDBCDB822F}.Debug|Any CPU.ActiveCfg = Debug|Any CPU
		{D964652E-BE09-406B-AD07-38BDBCDB822F}.Debug|Any CPU.Build.0 = Debug|Any CPU
		{D964652E-BE09-406B-AD07-38BDBCDB822F}.Release|Any CPU.ActiveCfg = Release|Any CPU
		{D964652E-BE09-406B-AD07-38BDBCDB822F}.Release|Any CPU.Build.0 = Release|Any CPU
		{0ACD0832-7C86-4E0F-9252-A8FDBC3BC3C1}.Debug|Any CPU.ActiveCfg = Debug|Any CPU
		{0ACD0832-7C86-4E0F-9252-A8FDBC3BC3C1}.Debug|Any CPU.Build.0 = Debug|Any CPU
		{0ACD0832-7C86-4E0F-9252-A8FDBC3BC3C1}.Release|Any CPU.ActiveCfg = Release|Any CPU
		{0ACD0832-7C86-4E0F-9252-A8FDBC3BC3C1}.Release|Any CPU.Build.0 = Release|Any CPU
		{49EA5039-79CF-4685-8556-871D89B78001}.Debug|Any CPU.ActiveCfg = Debug|Any CPU
		{49EA5039-79CF-4685-8556-871D89B78001}.Debug|Any CPU.Build.0 = Debug|Any CPU
		{49EA5039-79CF-4685-8556-871D89B78001}.Release|Any CPU.ActiveCfg = Release|Any CPU
		{49EA5039-79CF-4685-8556-871D89B78001}.Release|Any CPU.Build.0 = Release|Any CPU
	EndGlobalSection
	GlobalSection(SolutionProperties) = preSolution
		HideSolutionNode = FALSE
	EndGlobalSection
	GlobalSection(ExtensibilityGlobals) = postSolution
		SolutionGuid = {69A3F151-7D06-4526-88A1-C80D8D971327}
	EndGlobalSection
EndGlobal
